
Microsoft Visual Studio Solution File, Format Version 12.00
# Visual Studio Version 16
VisualStudioVersion = 16.0.29424.173
MinimumVisualStudioVersion = 10.0.40219.1
Project("{8BC9CEB8-8B4A-11D0-8D11-00A0C91BC942}") = "Exam1 Chp 2", "Exam1 Chp 2\Exam1 Chp 2.vcxproj", "{C5377BBF-B755-497E-8407-2A7DB7CFBECD}"
EndProject
Global
	GlobalSection(SolutionConfigurationPlatforms) = preSolution
		Debug|x64 = Debug|x64
		Debug|x86 = Debug|x86
		Release|x64 = Release|x64
		Release|x86 = Release|x86
	EndGlobalSection
	GlobalSection(ProjectConfigurationPlatforms) = postSolution
		{C5377BBF-B755-497E-8407-2A7DB7CFBECD}.Debug|x64.ActiveCfg = Debug|x64
		{C5377BBF-B755-497E-8407-2A7DB7CFBECD}.Debug|x64.Build.0 = Debug|x64
		{C5377BBF-B755-497E-8407-2A7DB7CFBECD}.Debug|x86.ActiveCfg = Debug|Win32
		{C5377BBF-B755-497E-8407-2A7DB7CFBECD}.Debug|x86.Build.0 = Debug|Win32
		{C5377BBF-B755-497E-8407-2A7DB7CFBECD}.Release|x64.ActiveCfg = Release|x64
		{C5377BBF-B755-497E-8407-2A7DB7CFBECD}.Release|x64.Build.0 = Release|x64
		{C5377BBF-B755-497E-8407-2A7DB7CFBECD}.Release|x86.ActiveCfg = Release|Win32
		{C5377BBF-B755-497E-8407-2A7DB7CFBECD}.Release|x86.Build.0 = Release|Win32
	EndGlobalSection
	GlobalSection(SolutionProperties) = preSolution
		HideSolutionNode = FALSE
	EndGlobalSection
	GlobalSection(ExtensibilityGlobals) = postSolution
		SolutionGuid = {C456A193-D021-4EBD-8CD3-5FA1F202036B}
	EndGlobalSection
EndGlobal
